// !$*UTF8*$!
{
	archiveVersion = 1;
	classes = {
	};
	objectVersion = 46;
	objects = {

/* Begin PBXBuildFile section */
		39FB4F10169EEDC8001BB645 /* TCTaskTableViewController.m in Sources */ = {isa = PBXBuildFile; fileRef = 39FB4F0F169EEDC8001BB645 /* TCTaskTableViewController.m */; };
		9EADE229165245AC0042455F /* UIKit.framework in Frameworks */ = {isa = PBXBuildFile; fileRef = 9EADE228165245AC0042455F /* UIKit.framework */; };
		9EADE22B165245AC0042455F /* Foundation.framework in Frameworks */ = {isa = PBXBuildFile; fileRef = 9EADE22A165245AC0042455F /* Foundation.framework */; };
		9EADE22D165245AC0042455F /* CoreGraphics.framework in Frameworks */ = {isa = PBXBuildFile; fileRef = 9EADE22C165245AC0042455F /* CoreGraphics.framework */; };
		9EADE22F165245AC0042455F /* CoreData.framework in Frameworks */ = {isa = PBXBuildFile; fileRef = 9EADE22E165245AC0042455F /* CoreData.framework */; };
		9EADE235165245AC0042455F /* InfoPlist.strings in Resources */ = {isa = PBXBuildFile; fileRef = 9EADE233165245AC0042455F /* InfoPlist.strings */; };
		9EADE237165245AC0042455F /* main.m in Sources */ = {isa = PBXBuildFile; fileRef = 9EADE236165245AC0042455F /* main.m */; };
		9EADE23B165245AC0042455F /* TCAppDelegate.m in Sources */ = {isa = PBXBuildFile; fileRef = 9EADE23A165245AC0042455F /* TCAppDelegate.m */; };
		9EADE23D165245AC0042455F /* Default.png in Resources */ = {isa = PBXBuildFile; fileRef = 9EADE23C165245AC0042455F /* Default.png */; };
		9EADE23F165245AC0042455F /* Default@2x.png in Resources */ = {isa = PBXBuildFile; fileRef = 9EADE23E165245AC0042455F /* Default@2x.png */; };
		9EADE241165245AC0042455F /* Default-568h@2x.png in Resources */ = {isa = PBXBuildFile; fileRef = 9EADE240165245AC0042455F /* Default-568h@2x.png */; };
		9EADE247165245AC0042455F /* TimeChicken.xcdatamodeld in Sources */ = {isa = PBXBuildFile; fileRef = 9EADE245165245AC0042455F /* TimeChicken.xcdatamodeld */; };
		9EADE24A165245AC0042455F /* TCTaskListViewController.m in Sources */ = {isa = PBXBuildFile; fileRef = 9EADE249165245AC0042455F /* TCTaskListViewController.m */; };
		9EADE255165245AC0042455F /* SenTestingKit.framework in Frameworks */ = {isa = PBXBuildFile; fileRef = 9EADE254165245AC0042455F /* SenTestingKit.framework */; };
		9EADE256165245AC0042455F /* UIKit.framework in Frameworks */ = {isa = PBXBuildFile; fileRef = 9EADE228165245AC0042455F /* UIKit.framework */; };
		9EADE257165245AC0042455F /* Foundation.framework in Frameworks */ = {isa = PBXBuildFile; fileRef = 9EADE22A165245AC0042455F /* Foundation.framework */; };
		9EADE258165245AC0042455F /* CoreData.framework in Frameworks */ = {isa = PBXBuildFile; fileRef = 9EADE22E165245AC0042455F /* CoreData.framework */; };
		9EADE260165245AC0042455F /* InfoPlist.strings in Resources */ = {isa = PBXBuildFile; fileRef = 9EADE25E165245AC0042455F /* InfoPlist.strings */; };
		9EADE263165245AC0042455F /* TimeChickenTests.m in Sources */ = {isa = PBXBuildFile; fileRef = 9EADE262165245AC0042455F /* TimeChickenTests.m */; };
		9EC513F816525B1D00D77F04 /* TCTask.m in Sources */ = {isa = PBXBuildFile; fileRef = 9EC513F716525B1D00D77F04 /* TCTask.m */; };
		9EC513FB16525D3C00D77F04 /* MainStoryboard.storyboard in Resources */ = {isa = PBXBuildFile; fileRef = 9EC513FA16525D3C00D77F04 /* MainStoryboard.storyboard */; };
/* End PBXBuildFile section */

/* Begin PBXContainerItemProxy section */
		9EADE259165245AC0042455F /* PBXContainerItemProxy */ = {
			isa = PBXContainerItemProxy;
			containerPortal = 9EADE21B165245AC0042455F /* Project object */;
			proxyType = 1;
			remoteGlobalIDString = 9EADE223165245AC0042455F;
			remoteInfo = TimeChicken;
		};
/* End PBXContainerItemProxy section */

/* Begin PBXFileReference section */
		39FB4F0E169EEDC8001BB645 /* TCTaskTableViewController.h */ = {isa = PBXFileReference; fileEncoding = 4; lastKnownFileType = sourcecode.c.h; path = TCTaskTableViewController.h; sourceTree = "<group>"; };
		39FB4F0F169EEDC8001BB645 /* TCTaskTableViewController.m */ = {isa = PBXFileReference; fileEncoding = 4; lastKnownFileType = sourcecode.c.objc; path = TCTaskTableViewController.m; sourceTree = "<group>"; };
		9EADE224165245AC0042455F /* TimeChicken.app */ = {isa = PBXFileReference; explicitFileType = wrapper.application; includeInIndex = 0; path = TimeChicken.app; sourceTree = BUILT_PRODUCTS_DIR; };
		9EADE228165245AC0042455F /* UIKit.framework */ = {isa = PBXFileReference; lastKnownFileType = wrapper.framework; name = UIKit.framework; path = System/Library/Frameworks/UIKit.framework; sourceTree = SDKROOT; };
		9EADE22A165245AC0042455F /* Foundation.framework */ = {isa = PBXFileReference; lastKnownFileType = wrapper.framework; name = Foundation.framework; path = System/Library/Frameworks/Foundation.framework; sourceTree = SDKROOT; };
		9EADE22C165245AC0042455F /* CoreGraphics.framework */ = {isa = PBXFileReference; lastKnownFileType = wrapper.framework; name = CoreGraphics.framework; path = System/Library/Frameworks/CoreGraphics.framework; sourceTree = SDKROOT; };
		9EADE22E165245AC0042455F /* CoreData.framework */ = {isa = PBXFileReference; lastKnownFileType = wrapper.framework; name = CoreData.framework; path = System/Library/Frameworks/CoreData.framework; sourceTree = SDKROOT; };
		9EADE232165245AC0042455F /* TimeChicken-Info.plist */ = {isa = PBXFileReference; lastKnownFileType = text.plist.xml; path = "TimeChicken-Info.plist"; sourceTree = "<group>"; };
		9EADE234165245AC0042455F /* en */ = {isa = PBXFileReference; lastKnownFileType = text.plist.strings; name = en; path = en.lproj/InfoPlist.strings; sourceTree = "<group>"; };
		9EADE236165245AC0042455F /* main.m */ = {isa = PBXFileReference; lastKnownFileType = sourcecode.c.objc; path = main.m; sourceTree = "<group>"; };
		9EADE238165245AC0042455F /* TimeChicken-Prefix.pch */ = {isa = PBXFileReference; lastKnownFileType = sourcecode.c.h; path = "TimeChicken-Prefix.pch"; sourceTree = "<group>"; };
		9EADE239165245AC0042455F /* TCAppDelegate.h */ = {isa = PBXFileReference; lastKnownFileType = sourcecode.c.h; path = TCAppDelegate.h; sourceTree = "<group>"; };
		9EADE23A165245AC0042455F /* TCAppDelegate.m */ = {isa = PBXFileReference; lastKnownFileType = sourcecode.c.objc; path = TCAppDelegate.m; sourceTree = "<group>"; };
		9EADE23C165245AC0042455F /* Default.png */ = {isa = PBXFileReference; lastKnownFileType = image.png; path = Default.png; sourceTree = "<group>"; };
		9EADE23E165245AC0042455F /* Default@2x.png */ = {isa = PBXFileReference; lastKnownFileType = image.png; path = "Default@2x.png"; sourceTree = "<group>"; };
		9EADE240165245AC0042455F /* Default-568h@2x.png */ = {isa = PBXFileReference; lastKnownFileType = image.png; path = "Default-568h@2x.png"; sourceTree = "<group>"; };
		9EADE246165245AC0042455F /* TimeChicken.xcdatamodel */ = {isa = PBXFileReference; lastKnownFileType = wrapper.xcdatamodel; path = TimeChicken.xcdatamodel; sourceTree = "<group>"; };
		9EADE248165245AC0042455F /* TCTaskListViewController.h */ = {isa = PBXFileReference; lastKnownFileType = sourcecode.c.h; path = TCTaskListViewController.h; sourceTree = "<group>"; };
		9EADE249165245AC0042455F /* TCTaskListViewController.m */ = {isa = PBXFileReference; lastKnownFileType = sourcecode.c.objc; path = TCTaskListViewController.m; sourceTree = "<group>"; };
		9EADE253165245AC0042455F /* TimeChickenTests.octest */ = {isa = PBXFileReference; explicitFileType = wrapper.cfbundle; includeInIndex = 0; path = TimeChickenTests.octest; sourceTree = BUILT_PRODUCTS_DIR; };
		9EADE254165245AC0042455F /* SenTestingKit.framework */ = {isa = PBXFileReference; lastKnownFileType = wrapper.framework; name = SenTestingKit.framework; path = Library/Frameworks/SenTestingKit.framework; sourceTree = DEVELOPER_DIR; };
		9EADE25D165245AC0042455F /* TimeChickenTests-Info.plist */ = {isa = PBXFileReference; lastKnownFileType = text.plist.xml; path = "TimeChickenTests-Info.plist"; sourceTree = "<group>"; };
		9EADE25F165245AC0042455F /* en */ = {isa = PBXFileReference; lastKnownFileType = text.plist.strings; name = en; path = en.lproj/InfoPlist.strings; sourceTree = "<group>"; };
		9EADE261165245AC0042455F /* TimeChickenTests.h */ = {isa = PBXFileReference; lastKnownFileType = sourcecode.c.h; path = TimeChickenTests.h; sourceTree = "<group>"; };
		9EADE262165245AC0042455F /* TimeChickenTests.m */ = {isa = PBXFileReference; lastKnownFileType = sourcecode.c.objc; path = TimeChickenTests.m; sourceTree = "<group>"; };
		9EC513F616525B1D00D77F04 /* TCTask.h */ = {isa = PBXFileReference; fileEncoding = 4; lastKnownFileType = sourcecode.c.h; name = TCTask.h; path = Model/TCTask.h; sourceTree = "<group>"; };
		9EC513F716525B1D00D77F04 /* TCTask.m */ = {isa = PBXFileReference; fileEncoding = 4; lastKnownFileType = sourcecode.c.objc; name = TCTask.m; path = Model/TCTask.m; sourceTree = "<group>"; };
		9EC513FA16525D3C00D77F04 /* MainStoryboard.storyboard */ = {isa = PBXFileReference; fileEncoding = 4; lastKnownFileType = file.storyboard; path = MainStoryboard.storyboard; sourceTree = "<group>"; };
/* End PBXFileReference section */

/* Begin PBXFrameworksBuildPhase section */
		9EADE221165245AC0042455F /* Frameworks */ = {
			isa = PBXFrameworksBuildPhase;
			buildActionMask = 2147483647;
			files = (
				9EADE229165245AC0042455F /* UIKit.framework in Frameworks */,
				9EADE22B165245AC0042455F /* Foundation.framework in Frameworks */,
				9EADE22D165245AC0042455F /* CoreGraphics.framework in Frameworks */,
				9EADE22F165245AC0042455F /* CoreData.framework in Frameworks */,
			);
			runOnlyForDeploymentPostprocessing = 0;
		};
		9EADE24F165245AC0042455F /* Frameworks */ = {
			isa = PBXFrameworksBuildPhase;
			buildActionMask = 2147483647;
			files = (
				9EADE255165245AC0042455F /* SenTestingKit.framework in Frameworks */,
				9EADE256165245AC0042455F /* UIKit.framework in Frameworks */,
				9EADE257165245AC0042455F /* Foundation.framework in Frameworks */,
				9EADE258165245AC0042455F /* CoreData.framework in Frameworks */,
			);
			runOnlyForDeploymentPostprocessing = 0;
		};
/* End PBXFrameworksBuildPhase section */

/* Begin PBXGroup section */
		9EADE219165245AC0042455F = {
			isa = PBXGroup;
			children = (
				9EADE230165245AC0042455F /* TimeChicken */,
				9EADE25B165245AC0042455F /* TimeChickenTests */,
				9EADE227165245AC0042455F /* Frameworks */,
				9EADE225165245AC0042455F /* Products */,
			);
			sourceTree = "<group>";
		};
		9EADE225165245AC0042455F /* Products */ = {
			isa = PBXGroup;
			children = (
				9EADE224165245AC0042455F /* TimeChicken.app */,
				9EADE253165245AC0042455F /* TimeChickenTests.octest */,
			);
			name = Products;
			sourceTree = "<group>";
		};
		9EADE227165245AC0042455F /* Frameworks */ = {
			isa = PBXGroup;
			children = (
				9EADE228165245AC0042455F /* UIKit.framework */,
				9EADE22A165245AC0042455F /* Foundation.framework */,
				9EADE22C165245AC0042455F /* CoreGraphics.framework */,
				9EADE22E165245AC0042455F /* CoreData.framework */,
				9EADE254165245AC0042455F /* SenTestingKit.framework */,
			);
			name = Frameworks;
			sourceTree = "<group>";
		};
		9EADE230165245AC0042455F /* TimeChicken */ = {
			isa = PBXGroup;
			children = (
				9EC513F5165253B100D77F04 /* GUI */,
				9EC513F41652537A00D77F04 /* Model */,
				9EADE245165245AC0042455F /* TimeChicken.xcdatamodeld */,
				9EADE231165245AC0042455F /* Supporting Files */,
			);
			path = TimeChicken;
			sourceTree = "<group>";
		};
		9EADE231165245AC0042455F /* Supporting Files */ = {
			isa = PBXGroup;
			children = (
				9EADE232165245AC0042455F /* TimeChicken-Info.plist */,
				9EADE233165245AC0042455F /* InfoPlist.strings */,
				9EADE236165245AC0042455F /* main.m */,
				9EADE238165245AC0042455F /* TimeChicken-Prefix.pch */,
				9EADE23C165245AC0042455F /* Default.png */,
				9EADE23E165245AC0042455F /* Default@2x.png */,
				9EADE240165245AC0042455F /* Default-568h@2x.png */,
			);
			name = "Supporting Files";
			sourceTree = "<group>";
		};
		9EADE25B165245AC0042455F /* TimeChickenTests */ = {
			isa = PBXGroup;
			children = (
				9EADE261165245AC0042455F /* TimeChickenTests.h */,
				9EADE262165245AC0042455F /* TimeChickenTests.m */,
				9EADE25C165245AC0042455F /* Supporting Files */,
			);
			path = TimeChickenTests;
			sourceTree = "<group>";
		};
		9EADE25C165245AC0042455F /* Supporting Files */ = {
			isa = PBXGroup;
			children = (
				9EADE25D165245AC0042455F /* TimeChickenTests-Info.plist */,
				9EADE25E165245AC0042455F /* InfoPlist.strings */,
			);
			name = "Supporting Files";
			sourceTree = "<group>";
		};
		9EC513F41652537A00D77F04 /* Model */ = {
			isa = PBXGroup;
			children = (
				9EC513F616525B1D00D77F04 /* TCTask.h */,
				9EC513F716525B1D00D77F04 /* TCTask.m */,
			);
			name = Model;
			sourceTree = "<group>";
		};
		9EC513F5165253B100D77F04 /* GUI */ = {
			isa = PBXGroup;
			children = (
				9EC513FA16525D3C00D77F04 /* MainStoryboard.storyboard */,
				9EADE239165245AC0042455F /* TCAppDelegate.h */,
				9EADE23A165245AC0042455F /* TCAppDelegate.m */,
				9EADE248165245AC0042455F /* TCTaskListViewController.h */,
				9EADE249165245AC0042455F /* TCTaskListViewController.m */,
				39FB4F0E169EEDC8001BB645 /* TCTaskTableViewController.h */,
				39FB4F0F169EEDC8001BB645 /* TCTaskTableViewController.m */,
			);
			path = GUI;
			sourceTree = "<group>";
		};
/* End PBXGroup section */

/* Begin PBXNativeTarget section */
		9EADE223165245AC0042455F /* TimeChicken */ = {
			isa = PBXNativeTarget;
			buildConfigurationList = 9EADE266165245AC0042455F /* Build configuration list for PBXNativeTarget "TimeChicken" */;
			buildPhases = (
				9EADE220165245AC0042455F /* Sources */,
				9EADE221165245AC0042455F /* Frameworks */,
				9EADE222165245AC0042455F /* Resources */,
			);
			buildRules = (
			);
			dependencies = (
			);
			name = TimeChicken;
			productName = TimeChicken;
			productReference = 9EADE224165245AC0042455F /* TimeChicken.app */;
			productType = "com.apple.product-type.application";
		};
		9EADE252165245AC0042455F /* TimeChickenTests */ = {
			isa = PBXNativeTarget;
			buildConfigurationList = 9EADE269165245AC0042455F /* Build configuration list for PBXNativeTarget "TimeChickenTests" */;
			buildPhases = (
				9EADE24E165245AC0042455F /* Sources */,
				9EADE24F165245AC0042455F /* Frameworks */,
				9EADE250165245AC0042455F /* Resources */,
				9EADE251165245AC0042455F /* ShellScript */,
			);
			buildRules = (
			);
			dependencies = (
				9EADE25A165245AC0042455F /* PBXTargetDependency */,
			);
			name = TimeChickenTests;
			productName = TimeChickenTests;
			productReference = 9EADE253165245AC0042455F /* TimeChickenTests.octest */;
			productType = "com.apple.product-type.bundle";
		};
/* End PBXNativeTarget section */

/* Begin PBXProject section */
		9EADE21B165245AC0042455F /* Project object */ = {
			isa = PBXProject;
			attributes = {
				CLASSPREFIX = TC;
				LastUpgradeCheck = 0450;
				ORGANIZATIONNAME = "Sebastian Fröstl";
			};
			buildConfigurationList = 9EADE21E165245AC0042455F /* Build configuration list for PBXProject "TimeChicken" */;
			compatibilityVersion = "Xcode 3.2";
			developmentRegion = English;
			hasScannedForEncodings = 0;
			knownRegions = (
				en,
			);
			mainGroup = 9EADE219165245AC0042455F;
			productRefGroup = 9EADE225165245AC0042455F /* Products */;
			projectDirPath = "";
			projectRoot = "";
			targets = (
				9EADE223165245AC0042455F /* TimeChicken */,
				9EADE252165245AC0042455F /* TimeChickenTests */,
			);
		};
/* End PBXProject section */

/* Begin PBXResourcesBuildPhase section */
		9EADE222165245AC0042455F /* Resources */ = {
			isa = PBXResourcesBuildPhase;
			buildActionMask = 2147483647;
			files = (
				9EADE235165245AC0042455F /* InfoPlist.strings in Resources */,
				9EADE23D165245AC0042455F /* Default.png in Resources */,
				9EADE23F165245AC0042455F /* Default@2x.png in Resources */,
				9EADE241165245AC0042455F /* Default-568h@2x.png in Resources */,
				9EC513FB16525D3C00D77F04 /* MainStoryboard.storyboard in Resources */,
			);
			runOnlyForDeploymentPostprocessing = 0;
		};
		9EADE250165245AC0042455F /* Resources */ = {
			isa = PBXResourcesBuildPhase;
			buildActionMask = 2147483647;
			files = (
				9EADE260165245AC0042455F /* InfoPlist.strings in Resources */,
			);
			runOnlyForDeploymentPostprocessing = 0;
		};
/* End PBXResourcesBuildPhase section */

/* Begin PBXShellScriptBuildPhase section */
		9EADE251165245AC0042455F /* ShellScript */ = {
			isa = PBXShellScriptBuildPhase;
			buildActionMask = 2147483647;
			files = (
			);
			inputPaths = (
			);
			outputPaths = (
			);
			runOnlyForDeploymentPostprocessing = 0;
			shellPath = /bin/sh;
			shellScript = "# Run the unit tests in this test bundle.\n\"${SYSTEM_DEVELOPER_DIR}/Tools/RunUnitTests\"\n";
		};
/* End PBXShellScriptBuildPhase section */

/* Begin PBXSourcesBuildPhase section */
		9EADE220165245AC0042455F /* Sources */ = {
			isa = PBXSourcesBuildPhase;
			buildActionMask = 2147483647;
			files = (
				9EADE237165245AC0042455F /* main.m in Sources */,
				9EADE23B165245AC0042455F /* TCAppDelegate.m in Sources */,
				9EADE247165245AC0042455F /* TimeChicken.xcdatamodeld in Sources */,
				9EADE24A165245AC0042455F /* TCTaskListViewController.m in Sources */,
				9EC513F816525B1D00D77F04 /* TCTask.m in Sources */,
				39FB4F10169EEDC8001BB645 /* TCTaskTableViewController.m in Sources */,
			);
			runOnlyForDeploymentPostprocessing = 0;
		};
		9EADE24E165245AC0042455F /* Sources */ = {
			isa = PBXSourcesBuildPhase;
			buildActionMask = 2147483647;
			files = (
				9EADE263165245AC0042455F /* TimeChickenTests.m in Sources */,
			);
			runOnlyForDeploymentPostprocessing = 0;
		};
/* End PBXSourcesBuildPhase section */

/* Begin PBXTargetDependency section */
		9EADE25A165245AC0042455F /* PBXTargetDependency */ = {
			isa = PBXTargetDependency;
			target = 9EADE223165245AC0042455F /* TimeChicken */;
			targetProxy = 9EADE259165245AC0042455F /* PBXContainerItemProxy */;
		};
/* End PBXTargetDependency section */

/* Begin PBXVariantGroup section */
		9EADE233165245AC0042455F /* InfoPlist.strings */ = {
			isa = PBXVariantGroup;
			children = (
				9EADE234165245AC0042455F /* en */,
			);
			name = InfoPlist.strings;
			sourceTree = "<group>";
		};
		9EADE25E165245AC0042455F /* InfoPlist.strings */ = {
			isa = PBXVariantGroup;
			children = (
				9EADE25F165245AC0042455F /* en */,
			);
			name = InfoPlist.strings;
			sourceTree = "<group>";
		};
/* End PBXVariantGroup section */

/* Begin XCBuildConfiguration section */
		9EADE264165245AC0042455F /* Debug */ = {
			isa = XCBuildConfiguration;
			buildSettings = {
				ALWAYS_SEARCH_USER_PATHS = NO;
				CLANG_CXX_LANGUAGE_STANDARD = "gnu++0x";
				CLANG_CXX_LIBRARY = "libc++";
				CLANG_ENABLE_OBJC_ARC = YES;
				CLANG_WARN_EMPTY_BODY = YES;
				CLANG_WARN__DUPLICATE_METHOD_MATCH = YES;
				"CODE_SIGN_IDENTITY[sdk=iphoneos*]" = "iPhone Developer";
				COPY_PHASE_STRIP = NO;
				GCC_C_LANGUAGE_STANDARD = gnu99;
				GCC_DYNAMIC_NO_PIC = NO;
				GCC_OPTIMIZATION_LEVEL = 0;
				GCC_PREPROCESSOR_DEFINITIONS = (
					"DEBUG=1",
					"$(inherited)",
				);
				GCC_SYMBOLS_PRIVATE_EXTERN = NO;
				GCC_WARN_ABOUT_RETURN_TYPE = YES;
				GCC_WARN_UNINITIALIZED_AUTOS = YES;
				GCC_WARN_UNUSED_VARIABLE = YES;
				IPHONEOS_DEPLOYMENT_TARGET = 6.0;
				ONLY_ACTIVE_ARCH = YES;
				SDKROOT = iphoneos;
			};
			name = Debug;
		};
		9EADE265165245AC0042455F /* Release */ = {
			isa = XCBuildConfiguration;
			buildSettings = {
				ALWAYS_SEARCH_USER_PATHS = NO;
				CLANG_CXX_LANGUAGE_STANDARD = "gnu++0x";
				CLANG_CXX_LIBRARY = "libc++";
				CLANG_ENABLE_OBJC_ARC = YES;
				CLANG_WARN_EMPTY_BODY = YES;
				CLANG_WARN__DUPLICATE_METHOD_MATCH = YES;
				"CODE_SIGN_IDENTITY[sdk=iphoneos*]" = "iPhone Developer";
				COPY_PHASE_STRIP = YES;
				GCC_C_LANGUAGE_STANDARD = gnu99;
				GCC_WARN_ABOUT_RETURN_TYPE = YES;
				GCC_WARN_UNINITIALIZED_AUTOS = YES;
				GCC_WARN_UNUSED_VARIABLE = YES;
				IPHONEOS_DEPLOYMENT_TARGET = 6.0;
				OTHER_CFLAGS = "-DNS_BLOCK_ASSERTIONS=1";
				SDKROOT = iphoneos;
				VALIDATE_PRODUCT = YES;
			};
			name = Release;
		};
		9EADE267165245AC0042455F /* Debug */ = {
			isa = XCBuildConfiguration;
			buildSettings = {
				GCC_PRECOMPILE_PREFIX_HEADER = YES;
				GCC_PREFIX_HEADER = "TimeChicken/TimeChicken-Prefix.pch";
				INFOPLIST_FILE = "TimeChicken/TimeChicken-Info.plist";
				IPHONEOS_DEPLOYMENT_TARGET = 6.0;
				PRODUCT_NAME = "$(TARGET_NAME)";
				TARGETED_DEVICE_FAMILY = 1;
				WRAPPER_EXTENSION = app;
			};
			name = Debug;
		};
		9EADE268165245AC0042455F /* Release */ = {
			isa = XCBuildConfiguration;
			buildSettings = {
				GCC_PRECOMPILE_PREFIX_HEADER = YES;
				GCC_PREFIX_HEADER = "TimeChicken/TimeChicken-Prefix.pch";
				INFOPLIST_FILE = "TimeChicken/TimeChicken-Info.plist";
				IPHONEOS_DEPLOYMENT_TARGET = 6.0;
				PRODUCT_NAME = "$(TARGET_NAME)";
				TARGETED_DEVICE_FAMILY = 1;
				WRAPPER_EXTENSION = app;
			};
			name = Release;
		};
		9EADE26A165245AC0042455F /* Debug */ = {
			isa = XCBuildConfiguration;
			buildSettings = {
				BUNDLE_LOADER = "$(BUILT_PRODUCTS_DIR)/TimeChicken.app/TimeChicken";
				FRAMEWORK_SEARCH_PATHS = (
					"\"$(SDKROOT)/Developer/Library/Frameworks\"",
					"\"$(DEVELOPER_LIBRARY_DIR)/Frameworks\"",
				);
				GCC_PRECOMPILE_PREFIX_HEADER = YES;
				GCC_PREFIX_HEADER = "TimeChicken/TimeChicken-Prefix.pch";
				INFOPLIST_FILE = "TimeChickenTests/TimeChickenTests-Info.plist";
				PRODUCT_NAME = "$(TARGET_NAME)";
				TEST_HOST = "$(BUNDLE_LOADER)";
				WRAPPER_EXTENSION = octest;
			};
			name = Debug;
		};
		9EADE26B165245AC0042455F /* Release */ = {
			isa = XCBuildConfiguration;
			buildSettings = {
				BUNDLE_LOADER = "$(BUILT_PRODUCTS_DIR)/TimeChicken.app/TimeChicken";
				FRAMEWORK_SEARCH_PATHS = (
					"\"$(SDKROOT)/Developer/Library/Frameworks\"",
					"\"$(DEVELOPER_LIBRARY_DIR)/Frameworks\"",
				);
				GCC_PRECOMPILE_PREFIX_HEADER = YES;
				GCC_PREFIX_HEADER = "TimeChicken/TimeChicken-Prefix.pch";
				INFOPLIST_FILE = "TimeChickenTests/TimeChickenTests-Info.plist";
				PRODUCT_NAME = "$(TARGET_NAME)";
				TEST_HOST = "$(BUNDLE_LOADER)";
				WRAPPER_EXTENSION = octest;
			};
			name = Release;
		};
/* End XCBuildConfiguration section */

/* Begin XCConfigurationList section */
		9EADE21E165245AC0042455F /* Build configuration list for PBXProject "TimeChicken" */ = {
			isa = XCConfigurationList;
			buildConfigurations = (
				9EADE264165245AC0042455F /* Debug */,
				9EADE265165245AC0042455F /* Release */,
			);
			defaultConfigurationIsVisible = 0;
			defaultConfigurationName = Release;
		};
		9EADE266165245AC0042455F /* Build configuration list for PBXNativeTarget "TimeChicken" */ = {
			isa = XCConfigurationList;
			buildConfigurations = (
				9EADE267165245AC0042455F /* Debug */,
				9EADE268165245AC0042455F /* Release */,
			);
			defaultConfigurationIsVisible = 0;
			defaultConfigurationName = Release;
		};
		9EADE269165245AC0042455F /* Build configuration list for PBXNativeTarget "TimeChickenTests" */ = {
			isa = XCConfigurationList;
			buildConfigurations = (
				9EADE26A165245AC0042455F /* Debug */,
				9EADE26B165245AC0042455F /* Release */,
			);
			defaultConfigurationIsVisible = 0;
			defaultConfigurationName = Release;
		};
/* End XCConfigurationList section */

/* Begin XCVersionGroup section */
		9EADE245165245AC0042455F /* TimeChicken.xcdatamodeld */ = {
			isa = XCVersionGroup;
			children = (
				9EADE246165245AC0042455F /* TimeChicken.xcdatamodel */,
			);
			currentVersion = 9EADE246165245AC0042455F /* TimeChicken.xcdatamodel */;
			path = TimeChicken.xcdatamodeld;
			sourceTree = "<group>";
			versionGroupType = wrapper.xcdatamodel;
		};
/* End XCVersionGroup section */
	};
	rootObject = 9EADE21B165245AC0042455F /* Project object */;
}
